// !$*UTF8*$!
{
	archiveVersion = 1;
	classes = {
	};
	objectVersion = 48;
	objects = {

/* Begin PBXBuildFile section */
		254553F41FD99C3900C801B6 /* AppDelegate.swift in Sources */ = {isa = PBXBuildFile; fileRef = 254553F31FD99C3900C801B6 /* AppDelegate.swift */; };
		254553F61FD99C3900C801B6 /* ViewController.swift in Sources */ = {isa = PBXBuildFile; fileRef = 254553F51FD99C3900C801B6 /* ViewController.swift */; };
		254553F91FD99C3900C801B6 /* Main.storyboard in Resources */ = {isa = PBXBuildFile; fileRef = 254553F71FD99C3900C801B6 /* Main.storyboard */; };
		254553FC1FD99C3900C801B6 /* BrandNewCalculator.xcdatamodeld in Sources */ = {isa = PBXBuildFile; fileRef = 254553FA1FD99C3900C801B6 /* BrandNewCalculator.xcdatamodeld */; };
		254553FE1FD99C3900C801B6 /* Assets.xcassets in Resources */ = {isa = PBXBuildFile; fileRef = 254553FD1FD99C3900C801B6 /* Assets.xcassets */; };
		254554011FD99C3900C801B6 /* LaunchScreen.storyboard in Resources */ = {isa = PBXBuildFile; fileRef = 254553FF1FD99C3900C801B6 /* LaunchScreen.storyboard */; };
		256EEBF61FE282F700E83A48 /* RoundedLabel.swift in Sources */ = {isa = PBXBuildFile; fileRef = 256EEBF51FE282F700E83A48 /* RoundedLabel.swift */; };
		25752BFE1FE16797000C2A67 /* RoundedButton.swift in Sources */ = {isa = PBXBuildFile; fileRef = 25752BFD1FE16797000C2A67 /* RoundedButton.swift */; };
		257D9F061FF1131400AC237D /* Protocols.swift in Sources */ = {isa = PBXBuildFile; fileRef = 257D9F051FF1131400AC237D /* Protocols.swift */; };
		2587B8091FE16C4100036495 /* InputViewController.swift in Sources */ = {isa = PBXBuildFile; fileRef = 2587B8081FE16C4100036495 /* InputViewController.swift */; };
		2587B80B1FE16C4F00036495 /* OutputViewController.swift in Sources */ = {isa = PBXBuildFile; fileRef = 2587B80A1FE16C4F00036495 /* OutputViewController.swift */; };
		259834A81FE93E8300D277D3 /* MachineBrain.swift in Sources */ = {isa = PBXBuildFile; fileRef = 259834A71FE93E8300D277D3 /* MachineBrain.swift */; };
/* End PBXBuildFile section */

/* Begin PBXFileReference section */
		254553F01FD99C3900C801B6 /* BrandNewCalculator.app */ = {isa = PBXFileReference; explicitFileType = wrapper.application; includeInIndex = 0; path = BrandNewCalculator.app; sourceTree = BUILT_PRODUCTS_DIR; };
		254553F31FD99C3900C801B6 /* AppDelegate.swift */ = {isa = PBXFileReference; lastKnownFileType = sourcecode.swift; path = AppDelegate.swift; sourceTree = "<group>"; };
		254553F51FD99C3900C801B6 /* ViewController.swift */ = {isa = PBXFileReference; lastKnownFileType = sourcecode.swift; path = ViewController.swift; sourceTree = "<group>"; };
		254553F81FD99C3900C801B6 /* Base */ = {isa = PBXFileReference; lastKnownFileType = file.storyboard; name = Base; path = Base.lproj/Main.storyboard; sourceTree = "<group>"; };
		254553FB1FD99C3900C801B6 /* BrandNewCalculator.xcdatamodel */ = {isa = PBXFileReference; lastKnownFileType = wrapper.xcdatamodel; path = BrandNewCalculator.xcdatamodel; sourceTree = "<group>"; };
		254553FD1FD99C3900C801B6 /* Assets.xcassets */ = {isa = PBXFileReference; lastKnownFileType = folder.assetcatalog; path = Assets.xcassets; sourceTree = "<group>"; };
		254554001FD99C3900C801B6 /* Base */ = {isa = PBXFileReference; lastKnownFileType = file.storyboard; name = Base; path = Base.lproj/LaunchScreen.storyboard; sourceTree = "<group>"; };
		254554021FD99C3900C801B6 /* Info.plist */ = {isa = PBXFileReference; lastKnownFileType = text.plist.xml; path = Info.plist; sourceTree = "<group>"; };
		256EEBF51FE282F700E83A48 /* RoundedLabel.swift */ = {isa = PBXFileReference; fileEncoding = 4; lastKnownFileType = sourcecode.swift; path = RoundedLabel.swift; sourceTree = "<group>"; };
		25752BFD1FE16797000C2A67 /* RoundedButton.swift */ = {isa = PBXFileReference; fileEncoding = 4; lastKnownFileType = sourcecode.swift; path = RoundedButton.swift; sourceTree = "<group>"; };
		257D9F051FF1131400AC237D /* Protocols.swift */ = {isa = PBXFileReference; lastKnownFileType = sourcecode.swift; path = Protocols.swift; sourceTree = "<group>"; };
		2587B8081FE16C4100036495 /* InputViewController.swift */ = {isa = PBXFileReference; lastKnownFileType = sourcecode.swift; path = InputViewController.swift; sourceTree = "<group>"; };
		2587B80A1FE16C4F00036495 /* OutputViewController.swift */ = {isa = PBXFileReference; lastKnownFileType = sourcecode.swift; path = OutputViewController.swift; sourceTree = "<group>"; };
		259834A71FE93E8300D277D3 /* MachineBrain.swift */ = {isa = PBXFileReference; lastKnownFileType = sourcecode.swift; path = MachineBrain.swift; sourceTree = "<group>"; };
/* End PBXFileReference section */

/* Begin PBXFrameworksBuildPhase section */
		254553ED1FD99C3900C801B6 /* Frameworks */ = {
			isa = PBXFrameworksBuildPhase;
			buildActionMask = 2147483647;
			files = (
			);
			runOnlyForDeploymentPostprocessing = 0;
		};
/* End PBXFrameworksBuildPhase section */

/* Begin PBXGroup section */
		254553E71FD99C3900C801B6 = {
			isa = PBXGroup;
			children = (
				254553F21FD99C3900C801B6 /* BrandNewCalculator */,
				254553F11FD99C3900C801B6 /* Products */,
			);
			sourceTree = "<group>";
		};
		254553F11FD99C3900C801B6 /* Products */ = {
			isa = PBXGroup;
			children = (
				254553F01FD99C3900C801B6 /* BrandNewCalculator.app */,
			);
			name = Products;
			sourceTree = "<group>";
		};
		254553F21FD99C3900C801B6 /* BrandNewCalculator */ = {
			isa = PBXGroup;
			children = (
				254553F31FD99C3900C801B6 /* AppDelegate.swift */,
				2587B8081FE16C4100036495 /* InputViewController.swift */,
				257D9F051FF1131400AC237D /* Protocols.swift */,
				259834A71FE93E8300D277D3 /* MachineBrain.swift */,
				25752BFD1FE16797000C2A67 /* RoundedButton.swift */,
				256EEBF51FE282F700E83A48 /* RoundedLabel.swift */,
				2587B80A1FE16C4F00036495 /* OutputViewController.swift */,
				254553F51FD99C3900C801B6 /* ViewController.swift */,
				254553F71FD99C3900C801B6 /* Main.storyboard */,
				254553FD1FD99C3900C801B6 /* Assets.xcassets */,
				254553FF1FD99C3900C801B6 /* LaunchScreen.storyboard */,
				254554021FD99C3900C801B6 /* Info.plist */,
				254553FA1FD99C3900C801B6 /* BrandNewCalculator.xcdatamodeld */,
			);
			path = BrandNewCalculator;
			sourceTree = "<group>";
		};
/* End PBXGroup section */

/* Begin PBXNativeTarget section */
		254553EF1FD99C3900C801B6 /* BrandNewCalculator */ = {
			isa = PBXNativeTarget;
			buildConfigurationList = 254554051FD99C3900C801B6 /* Build configuration list for PBXNativeTarget "BrandNewCalculator" */;
			buildPhases = (
				254553EC1FD99C3900C801B6 /* Sources */,
				254553ED1FD99C3900C801B6 /* Frameworks */,
				254553EE1FD99C3900C801B6 /* Resources */,
			);
			buildRules = (
			);
			dependencies = (
			);
			name = BrandNewCalculator;
			productName = BrandNewCalculator;
			productReference = 254553F01FD99C3900C801B6 /* BrandNewCalculator.app */;
			productType = "com.apple.product-type.application";
		};
/* End PBXNativeTarget section */

/* Begin PBXProject section */
		254553E81FD99C3900C801B6 /* Project object */ = {
			isa = PBXProject;
			attributes = {
				LastSwiftUpdateCheck = 0910;
				LastUpgradeCheck = 0910;
				ORGANIZATIONNAME = adminaccount;
				TargetAttributes = {
					254553EF1FD99C3900C801B6 = {
						CreatedOnToolsVersion = 9.1;
						ProvisioningStyle = Automatic;
					};
				};
			};
			buildConfigurationList = 254553EB1FD99C3900C801B6 /* Build configuration list for PBXProject "BrandNewCalculator" */;
			compatibilityVersion = "Xcode 8.0";
			developmentRegion = en;
			hasScannedForEncodings = 0;
			knownRegions = (
				en,
				Base,
			);
			mainGroup = 254553E71FD99C3900C801B6;
			productRefGroup = 254553F11FD99C3900C801B6 /* Products */;
			projectDirPath = "";
			projectRoot = "";
			targets = (
				254553EF1FD99C3900C801B6 /* BrandNewCalculator */,
			);
		};
/* End PBXProject section */

/* Begin PBXResourcesBuildPhase section */
		254553EE1FD99C3900C801B6 /* Resources */ = {
			isa = PBXResourcesBuildPhase;
			buildActionMask = 2147483647;
			files = (
				254554011FD99C3900C801B6 /* LaunchScreen.storyboard in Resources */,
				254553FE1FD99C3900C801B6 /* Assets.xcassets in Resources */,
				254553F91FD99C3900C801B6 /* Main.storyboard in Resources */,
			);
			runOnlyForDeploymentPostprocessing = 0;
		};
/* End PBXResourcesBuildPhase section */

/* Begin PBXSourcesBuildPhase section */
		254553EC1FD99C3900C801B6 /* Sources */ = {
			isa = PBXSourcesBuildPhase;
			buildActionMask = 2147483647;
			files = (
				256EEBF61FE282F700E83A48 /* RoundedLabel.swift in Sources */,
				254553F61FD99C3900C801B6 /* ViewController.swift in Sources */,
				2587B80B1FE16C4F00036495 /* OutputViewController.swift in Sources */,
				257D9F061FF1131400AC237D /* Protocols.swift in Sources */,
				2587B8091FE16C4100036495 /* InputViewController.swift in Sources */,
				254553FC1FD99C3900C801B6 /* BrandNewCalculator.xcdatamodeld in Sources */,
				254553F41FD99C3900C801B6 /* AppDelegate.swift in Sources */,
				259834A81FE93E8300D277D3 /* MachineBrain.swift in Sources */,
				25752BFE1FE16797000C2A67 /* RoundedButton.swift in Sources */,
			);
			runOnlyForDeploymentPostprocessing = 0;
		};
/* End PBXSourcesBuildPhase section */

/* Begin PBXVariantGroup section */
		254553F71FD99C3900C801B6 /* Main.storyboard */ = {
			isa = PBXVariantGroup;
			children = (
				254553F81FD99C3900C801B6 /* Base */,
			);
			name = Main.storyboard;
			sourceTree = "<group>";
		};
		254553FF1FD99C3900C801B6 /* LaunchScreen.storyboard */ = {
			isa = PBXVariantGroup;
			children = (
				254554001FD99C3900C801B6 /* Base */,
			);
			name = LaunchScreen.storyboard;
			sourceTree = "<group>";
		};
/* End PBXVariantGroup section */

/* Begin XCBuildConfiguration section */
		254554031FD99C3900C801B6 /* Debug */ = {
			isa = XCBuildConfiguration;
			buildSettings = {
				ALWAYS_SEARCH_USER_PATHS = NO;
				CLANG_ANALYZER_NONNULL = YES;
				CLANG_ANALYZER_NUMBER_OBJECT_CONVERSION = YES_AGGRESSIVE;
				CLANG_CXX_LANGUAGE_STANDARD = "gnu++14";
				CLANG_CXX_LIBRARY = "libc++";
				CLANG_ENABLE_MODULES = YES;
				CLANG_ENABLE_OBJC_ARC = YES;
				CLANG_WARN_BLOCK_CAPTURE_AUTORELEASING = YES;
				CLANG_WARN_BOOL_CONVERSION = YES;
				CLANG_WARN_COMMA = YES;
				CLANG_WARN_CONSTANT_CONVERSION = YES;
				CLANG_WARN_DIRECT_OBJC_ISA_USAGE = YES_ERROR;
				CLANG_WARN_DOCUMENTATION_COMMENTS = YES;
				CLANG_WARN_EMPTY_BODY = YES;
				CLANG_WARN_ENUM_CONVERSION = YES;
				CLANG_WARN_INFINITE_RECURSION = YES;
				CLANG_WARN_INT_CONVERSION = YES;
				CLANG_WARN_NON_LITERAL_NULL_CONVERSION = YES;
				CLANG_WARN_OBJC_LITERAL_CONVERSION = YES;
				CLANG_WARN_OBJC_ROOT_CLASS = YES_ERROR;
				CLANG_WARN_RANGE_LOOP_ANALYSIS = YES;
				CLANG_WARN_STRICT_PROTOTYPES = YES;
				CLANG_WARN_SUSPICIOUS_MOVE = YES;
				CLANG_WARN_UNGUARDED_AVAILABILITY = YES_AGGRESSIVE;
				CLANG_WARN_UNREACHABLE_CODE = YES;
				CLANG_WARN__DUPLICATE_METHOD_MATCH = YES;
				CODE_SIGN_IDENTITY = "iPhone Developer";
				COPY_PHASE_STRIP = NO;
				DEBUG_INFORMATION_FORMAT = dwarf;
				ENABLE_STRICT_OBJC_MSGSEND = YES;
				ENABLE_TESTABILITY = YES;
				GCC_C_LANGUAGE_STANDARD = gnu11;
				GCC_DYNAMIC_NO_PIC = NO;
				GCC_NO_COMMON_BLOCKS = YES;
				GCC_OPTIMIZATION_LEVEL = 0;
				GCC_PREPROCESSOR_DEFINITIONS = (
					"DEBUG=1",
					"$(inherited)",
				);
				GCC_WARN_64_TO_32_BIT_CONVERSION = YES;
				GCC_WARN_ABOUT_RETURN_TYPE = YES_ERROR;
				GCC_WARN_UNDECLARED_SELECTOR = YES;
				GCC_WARN_UNINITIALIZED_AUTOS = YES_AGGRESSIVE;
				GCC_WARN_UNUSED_FUNCTION = YES;
				GCC_WARN_UNUSED_VARIABLE = YES;
				IPHONEOS_DEPLOYMENT_TARGET = 11.1;
				MTL_ENABLE_DEBUG_INFO = YES;
				ONLY_ACTIVE_ARCH = YES;
				SDKROOT = iphoneos;
				SWIFT_ACTIVE_COMPILATION_CONDITIONS = DEBUG;
				SWIFT_OPTIMIZATION_LEVEL = "-Onone";
			};
			name = Debug;
		};
		254554041FD99C3900C801B6 /* Release */ = {
			isa = XCBuildConfiguration;
			buildSettings = {
				ALWAYS_SEARCH_USER_PATHS = NO;
				CLANG_ANALYZER_NONNULL = YES;
				CLANG_ANALYZER_NUMBER_OBJECT_CONVERSION = YES_AGGRESSIVE;
				CLANG_CXX_LANGUAGE_STANDARD = "gnu++14";
				CLANG_CXX_LIBRARY = "libc++";
				CLANG_ENABLE_MODULES = YES;
				CLANG_ENABLE_OBJC_ARC = YES;
				CLANG_WARN_BLOCK_CAPTURE_AUTORELEASING = YES;
				CLANG_WARN_BOOL_CONVERSION = YES;
				CLANG_WARN_COMMA = YES;
				CLANG_WARN_CONSTANT_CONVERSION = YES;
				CLANG_WARN_DIRECT_OBJC_ISA_USAGE = YES_ERROR;
				CLANG_WARN_DOCUMENTATION_COMMENTS = YES;
				CLANG_WARN_EMPTY_BODY = YES;
				CLANG_WARN_ENUM_CONVERSION = YES;
				CLANG_WARN_INFINITE_RECURSION = YES;
				CLANG_WARN_INT_CONVERSION = YES;
				CLANG_WARN_NON_LITERAL_NULL_CONVERSION = YES;
				CLANG_WARN_OBJC_LITERAL_CONVERSION = YES;
				CLANG_WARN_OBJC_ROOT_CLASS = YES_ERROR;
				CLANG_WARN_RANGE_LOOP_ANALYSIS = YES;
				CLANG_WARN_STRICT_PROTOTYPES = YES;
				CLANG_WARN_SUSPICIOUS_MOVE = YES;
				CLANG_WARN_UNGUARDED_AVAILABILITY = YES_AGGRESSIVE;
				CLANG_WARN_UNREACHABLE_CODE = YES;
				CLANG_WARN__DUPLICATE_METHOD_MATCH = YES;
				CODE_SIGN_IDENTITY = "iPhone Developer";
				COPY_PHASE_STRIP = NO;
				DEBUG_INFORMATION_FORMAT = "dwarf-with-dsym";
				ENABLE_NS_ASSERTIONS = NO;
				ENABLE_STRICT_OBJC_MSGSEND = YES;
				GCC_C_LANGUAGE_STANDARD = gnu11;
				GCC_NO_COMMON_BLOCKS = YES;
				GCC_WARN_64_TO_32_BIT_CONVERSION = YES;
				GCC_WARN_ABOUT_RETURN_TYPE = YES_ERROR;
				GCC_WARN_UNDECLARED_SELECTOR = YES;
				GCC_WARN_UNINITIALIZED_AUTOS = YES_AGGRESSIVE;
				GCC_WARN_UNUSED_FUNCTION = YES;
				GCC_WARN_UNUSED_VARIABLE = YES;
				IPHONEOS_DEPLOYMENT_TARGET = 11.1;
				MTL_ENABLE_DEBUG_INFO = NO;
				SDKROOT = iphoneos;
				SWIFT_OPTIMIZATION_LEVEL = "-Owholemodule";
				VALIDATE_PRODUCT = YES;
			};
			name = Release;
		};
		254554061FD99C3900C801B6 /* Debug */ = {
			isa = XCBuildConfiguration;
			buildSettings = {
				ASSETCATALOG_COMPILER_APPICON_NAME = AppIcon;
				CODE_SIGN_STYLE = Automatic;
				INFOPLIST_FILE = BrandNewCalculator/Info.plist;
				LD_RUNPATH_SEARCH_PATHS = "$(inherited) @executable_path/Frameworks";
				PRODUCT_BUNDLE_IDENTIFIER = ss.BrandNewCalculator;
				PRODUCT_NAME = "$(TARGET_NAME)";
				SWIFT_VERSION = 4.0;
				TARGETED_DEVICE_FAMILY = "1,2";
			};
			name = Debug;
		};
		254554071FD99C3900C801B6 /* Release */ = {
			isa = XCBuildConfiguration;
			buildSettings = {
				ASSETCATALOG_COMPILER_APPICON_NAME = AppIcon;
				CODE_SIGN_STYLE = Automatic;
				INFOPLIST_FILE = BrandNewCalculator/Info.plist;
				LD_RUNPATH_SEARCH_PATHS = "$(inherited) @executable_path/Frameworks";
				PRODUCT_BUNDLE_IDENTIFIER = ss.BrandNewCalculator;
				PRODUCT_NAME = "$(TARGET_NAME)";
				SWIFT_VERSION = 4.0;
				TARGETED_DEVICE_FAMILY = "1,2";
			};
			name = Release;
		};
/* End XCBuildConfiguration section */

/* Begin XCConfigurationList section */
		254553EB1FD99C3900C801B6 /* Build configuration list for PBXProject "BrandNewCalculator" */ = {
			isa = XCConfigurationList;
			buildConfigurations = (
				254554031FD99C3900C801B6 /* Debug */,
				254554041FD99C3900C801B6 /* Release */,
			);
			defaultConfigurationIsVisible = 0;
			defaultConfigurationName = Release;
		};
		254554051FD99C3900C801B6 /* Build configuration list for PBXNativeTarget "BrandNewCalculator" */ = {
			isa = XCConfigurationList;
			buildConfigurations = (
				254554061FD99C3900C801B6 /* Debug */,
				254554071FD99C3900C801B6 /* Release */,
			);
			defaultConfigurationIsVisible = 0;
			defaultConfigurationName = Release;
		};
/* End XCConfigurationList section */

/* Begin XCVersionGroup section */
		254553FA1FD99C3900C801B6 /* BrandNewCalculator.xcdatamodeld */ = {
			isa = XCVersionGroup;
			children = (
				254553FB1FD99C3900C801B6 /* BrandNewCalculator.xcdatamodel */,
			);
			currentVersion = 254553FB1FD99C3900C801B6 /* BrandNewCalculator.xcdatamodel */;
			path = BrandNewCalculator.xcdatamodeld;
			sourceTree = "<group>";
			versionGroupType = wrapper.xcdatamodel;
		};
/* End XCVersionGroup section */
	};
	rootObject = 254553E81FD99C3900C801B6 /* Project object */;
}
